
Microsoft Visual Studio Solution File, Format Version 12.00
# Visual Studio Version 17
VisualStudioVersion = 17.1.32210.238
MinimumVisualStudioVersion = 10.0.40219.1
Project("{9A19103F-16F7-4668-BE54-9A1E7A4F7556}") = "AsyncDemo", "AsyncDemo\AsyncDemo.csproj", "{ECD34207-D3A2-4D5E-8EA6-C1BF0E3579B1}"
EndProject
Project("{FAE04EC0-301F-11D3-BF4B-00C04F79EFBC}") = "AsyncDemo-II", "AsyncDemo-II\AsyncDemo-II.csproj", "{1D25912D-6A12-48B9-A20A-8F12BE5A5337}"
EndProject
Global
	GlobalSection(SolutionConfigurationPlatforms) = preSolution
		Debug|Any CPU = Debug|Any CPU
		Release|Any CPU = Release|Any CPU
	EndGlobalSection
	GlobalSection(ProjectConfigurationPlatforms) = postSolution
		{ECD34207-D3A2-4D5E-8EA6-C1BF0E3579B1}.Debug|Any CPU.ActiveCfg = Debug|Any CPU
		{ECD34207-D3A2-4D5E-8EA6-C1BF0E3579B1}.Debug|Any CPU.Build.0 = Debug|Any CPU
		{ECD34207-D3A2-4D5E-8EA6-C1BF0E3579B1}.Release|Any CPU.ActiveCfg = Release|Any CPU
		{ECD34207-D3A2-4D5E-8EA6-C1BF0E3579B1}.Release|Any CPU.Build.0 = Release|Any CPU
		{1D25912D-6A12-48B9-A20A-8F12BE5A5337}.Debug|Any CPU.ActiveCfg = Debug|Any CPU
		{1D25912D-6A12-48B9-A20A-8F12BE5A5337}.Debug|Any CPU.Build.0 = Debug|Any CPU
		{1D25912D-6A12-48B9-A20A-8F12BE5A5337}.Release|Any CPU.ActiveCfg = Release|Any CPU
		{1D25912D-6A12-48B9-A20A-8F12BE5A5337}.Release|Any CPU.Build.0 = Release|Any CPU
	EndGlobalSection
	GlobalSection(SolutionProperties) = preSolution
		HideSolutionNode = FALSE
	EndGlobalSection
	GlobalSection(ExtensibilityGlobals) = postSolution
		SolutionGuid = {FECAF521-2D19-4025-9559-52A12AE43789}
	EndGlobalSection
EndGlobal
